// !$*UTF8*$!
{
	archiveVersion = 1;
	classes = {
	};
	objectVersion = 56;
	objects = {

/* Begin PBXBuildFile section */
		5C099BFD2B06A6B800FAA7D1 /* EnvironmentIdentifier.swift in Sources */ = {isa = PBXBuildFile; fileRef = 5C099BFC2B06A6B800FAA7D1 /* EnvironmentIdentifier.swift */; };
		5C099BFF2B06A6F900FAA7D1 /* GoogleService-Info.plist in Resources */ = {isa = PBXBuildFile; fileRef = 5C099BFE2B06A6F900FAA7D1 /* GoogleService-Info.plist */; };
		5C099C012B06A88500FAA7D1 /* Release.xcconfig in Resources */ = {isa = PBXBuildFile; fileRef = 5C099C002B06A88500FAA7D1 /* Release.xcconfig */; };
		5C099C0D2B06AD1000FAA7D1 /* Config.swift in Sources */ = {isa = PBXBuildFile; fileRef = 5C099C0C2B06AD1000FAA7D1 /* Config.swift */; };
		5C099C0F2B06ADDC00FAA7D1 /* NavigationExtensions.swift in Sources */ = {isa = PBXBuildFile; fileRef = 5C099C0E2B06ADDC00FAA7D1 /* NavigationExtensions.swift */; };
		5C099C122B06AE4400FAA7D1 /* UserDefaults+Extensions.swift in Sources */ = {isa = PBXBuildFile; fileRef = 5C099C112B06AE4400FAA7D1 /* UserDefaults+Extensions.swift */; };
		5C099C162B06AF6C00FAA7D1 /* User.swift in Sources */ = {isa = PBXBuildFile; fileRef = 5C099C152B06AF6C00FAA7D1 /* User.swift */; };
		5C099C1A2B06B23200FAA7D1 /* LoginViewController.swift in Sources */ = {isa = PBXBuildFile; fileRef = 5C099C192B06B23200FAA7D1 /* LoginViewController.swift */; };
		5C099C1E2B06B2EF00FAA7D1 /* TABackViewController.swift in Sources */ = {isa = PBXBuildFile; fileRef = 5C099C1D2B06B2EF00FAA7D1 /* TABackViewController.swift */; };
		5C099C202B06B31000FAA7D1 /* BackStackView.swift in Sources */ = {isa = PBXBuildFile; fileRef = 5C099C1F2B06B31000FAA7D1 /* BackStackView.swift */; };
		5C099C232B06B36500FAA7D1 /* Images.swift in Sources */ = {isa = PBXBuildFile; fileRef = 5C099C222B06B36500FAA7D1 /* Images.swift */; };
		5C099C252B06B3AD00FAA7D1 /* Styles.swift in Sources */ = {isa = PBXBuildFile; fileRef = 5C099C242B06B3AD00FAA7D1 /* Styles.swift */; };
		5C099C292B06B42100FAA7D1 /* Colors.swift in Sources */ = {isa = PBXBuildFile; fileRef = 5C099C282B06B42100FAA7D1 /* Colors.swift */; };
		5C099C2C2B06B56C00FAA7D1 /* UIView+Extenstions.swift in Sources */ = {isa = PBXBuildFile; fileRef = 5C099C2B2B06B56C00FAA7D1 /* UIView+Extenstions.swift */; };
		5C099C302B06B92A00FAA7D1 /* OldTATextField.swift in Sources */ = {isa = PBXBuildFile; fileRef = 5C099C2F2B06B92A00FAA7D1 /* OldTATextField.swift */; };
		5C099C322B06B94700FAA7D1 /* BaseTAField.swift in Sources */ = {isa = PBXBuildFile; fileRef = 5C099C312B06B94700FAA7D1 /* BaseTAField.swift */; };
		5C099C352B06BA4500FAA7D1 /* Labels.swift in Sources */ = {isa = PBXBuildFile; fileRef = 5C099C342B06BA4500FAA7D1 /* Labels.swift */; };
		5C099C372B06BA7B00FAA7D1 /* Fonts.swift in Sources */ = {isa = PBXBuildFile; fileRef = 5C099C362B06BA7B00FAA7D1 /* Fonts.swift */; };
		5C099C392B06BACD00FAA7D1 /* UILabel+Extensions.swift in Sources */ = {isa = PBXBuildFile; fileRef = 5C099C382B06BACD00FAA7D1 /* UILabel+Extensions.swift */; };
		5C099C3B2B06BB4F00FAA7D1 /* NSAttributedString+Extensions.swift in Sources */ = {isa = PBXBuildFile; fileRef = 5C099C3A2B06BB4F00FAA7D1 /* NSAttributedString+Extensions.swift */; };
		5C099C3D2B06BCEE00FAA7D1 /* TAField.swift in Sources */ = {isa = PBXBuildFile; fileRef = 5C099C3C2B06BCEE00FAA7D1 /* TAField.swift */; };
		5C099C3F2B06BD4400FAA7D1 /* UITextField+Extensions.swift in Sources */ = {isa = PBXBuildFile; fileRef = 5C099C3E2B06BD4400FAA7D1 /* UITextField+Extensions.swift */; };
		5C099C412B06BDFD00FAA7D1 /* UIButton+Extensions.swift in Sources */ = {isa = PBXBuildFile; fileRef = 5C099C402B06BDFD00FAA7D1 /* UIButton+Extensions.swift */; };
		5C099C432B06BE8000FAA7D1 /* String+Extensions.swift in Sources */ = {isa = PBXBuildFile; fileRef = 5C099C422B06BE8000FAA7D1 /* String+Extensions.swift */; };
		5C099C452B06BF3300FAA7D1 /*  UIStackView+Extensions.swift in Sources */ = {isa = PBXBuildFile; fileRef = 5C099C442B06BF3300FAA7D1 /*  UIStackView+Extensions.swift */; };
		5C099C482B06C2DE00FAA7D1 /* TAProgressHUD.swift in Sources */ = {isa = PBXBuildFile; fileRef = 5C099C472B06C2DE00FAA7D1 /* TAProgressHUD.swift */; };
		5C099C4D2B06C3BA00FAA7D1 /* CdlLoader.json in Resources */ = {isa = PBXBuildFile; fileRef = 5C099C4C2B06C3BA00FAA7D1 /* CdlLoader.json */; };
		5C099C4F2B06C61F00FAA7D1 /* ProgressHUD.swift in Sources */ = {isa = PBXBuildFile; fileRef = 5C099C4E2B06C61F00FAA7D1 /* ProgressHUD.swift */; };
		5C099C512B06C79500FAA7D1 /* UIViewController+Extensions.swift in Sources */ = {isa = PBXBuildFile; fileRef = 5C099C502B06C79500FAA7D1 /* UIViewController+Extensions.swift */; };
		5C099C532B06C83C00FAA7D1 /* BottomSheetViewController.swift in Sources */ = {isa = PBXBuildFile; fileRef = 5C099C522B06C83C00FAA7D1 /* BottomSheetViewController.swift */; };
		5C099C552B06CC6A00FAA7D1 /* Reach.swift in Sources */ = {isa = PBXBuildFile; fileRef = 5C099C542B06CC6A00FAA7D1 /* Reach.swift */; };
		5C099C582B06D19F00FAA7D1 /* SignupViewController.swift in Sources */ = {isa = PBXBuildFile; fileRef = 5C099C572B06D19F00FAA7D1 /* SignupViewController.swift */; };
		5C099C5C2B06D25600FAA7D1 /* CollectPersonalInfoView.swift in Sources */ = {isa = PBXBuildFile; fileRef = 5C099C5B2B06D25600FAA7D1 /* CollectPersonalInfoView.swift */; };
		5C099C5F2B0755DE00FAA7D1 /* ContainerViewController.swift in Sources */ = {isa = PBXBuildFile; fileRef = 5C099C5E2B0755DE00FAA7D1 /* ContainerViewController.swift */; };
		5C4FD1E02B06A5A9000C39E7 /* FirebaseAppCheck in Frameworks */ = {isa = PBXBuildFile; productRef = 5C4FD1DF2B06A5A9000C39E7 /* FirebaseAppCheck */; };
		5C4FD1E22B06A5A9000C39E7 /* FirebaseAppDistribution-Beta in Frameworks */ = {isa = PBXBuildFile; productRef = 5C4FD1E12B06A5A9000C39E7 /* FirebaseAppDistribution-Beta */; };
		5C4FD1E42B06A5A9000C39E7 /* FirebaseAuth in Frameworks */ = {isa = PBXBuildFile; productRef = 5C4FD1E32B06A5A9000C39E7 /* FirebaseAuth */; };
		5C4FD1E62B06A5A9000C39E7 /* FirebaseAuthCombine-Community in Frameworks */ = {isa = PBXBuildFile; productRef = 5C4FD1E52B06A5A9000C39E7 /* FirebaseAuthCombine-Community */; };
		5C4FD1EA2B06A5A9000C39E7 /* FirebaseDatabase in Frameworks */ = {isa = PBXBuildFile; productRef = 5C4FD1E92B06A5A9000C39E7 /* FirebaseDatabase */; };
		5C4FD1EC2B06A5A9000C39E7 /* FirebaseDatabaseSwift in Frameworks */ = {isa = PBXBuildFile; productRef = 5C4FD1EB2B06A5A9000C39E7 /* FirebaseDatabaseSwift */; };
		5C4FD1EE2B06A5A9000C39E7 /* FirebaseDynamicLinks in Frameworks */ = {isa = PBXBuildFile; productRef = 5C4FD1ED2B06A5A9000C39E7 /* FirebaseDynamicLinks */; };
		5C4FD1F02B06A5A9000C39E7 /* FirebaseFirestore in Frameworks */ = {isa = PBXBuildFile; productRef = 5C4FD1EF2B06A5A9000C39E7 /* FirebaseFirestore */; };
		5C4FD1F22B06A5A9000C39E7 /* FirebaseFirestoreCombine-Community in Frameworks */ = {isa = PBXBuildFile; productRef = 5C4FD1F12B06A5A9000C39E7 /* FirebaseFirestoreCombine-Community */; };
		5C4FD1F42B06A5A9000C39E7 /* FirebaseFirestoreSwift in Frameworks */ = {isa = PBXBuildFile; productRef = 5C4FD1F32B06A5A9000C39E7 /* FirebaseFirestoreSwift */; };
		5C4FD1F62B06A5A9000C39E7 /* FirebaseFunctions in Frameworks */ = {isa = PBXBuildFile; productRef = 5C4FD1F52B06A5A9000C39E7 /* FirebaseFunctions */; };
		5C4FD1F82B06A5A9000C39E7 /* FirebaseFunctionsCombine-Community in Frameworks */ = {isa = PBXBuildFile; productRef = 5C4FD1F72B06A5A9000C39E7 /* FirebaseFunctionsCombine-Community */; };
		5C4FD1FA2B06A5AA000C39E7 /* FirebaseInstallations in Frameworks */ = {isa = PBXBuildFile; productRef = 5C4FD1F92B06A5AA000C39E7 /* FirebaseInstallations */; };
		5C4FD1FC2B06A5AA000C39E7 /* FirebaseMLModelDownloader in Frameworks */ = {isa = PBXBuildFile; productRef = 5C4FD1FB2B06A5AA000C39E7 /* FirebaseMLModelDownloader */; };
		5C4FD2002B06A5AA000C39E7 /* FirebasePerformance in Frameworks */ = {isa = PBXBuildFile; productRef = 5C4FD1FF2B06A5AA000C39E7 /* FirebasePerformance */; };
		5C4FD2022B06A5AA000C39E7 /* FirebaseStorage in Frameworks */ = {isa = PBXBuildFile; productRef = 5C4FD2012B06A5AA000C39E7 /* FirebaseStorage */; };
		5C4FD2042B06A5AA000C39E7 /* FirebaseStorageCombine-Community in Frameworks */ = {isa = PBXBuildFile; productRef = 5C4FD2032B06A5AA000C39E7 /* FirebaseStorageCombine-Community */; };
		5C7BDFB62B062F5900419387 /* AppDelegate.swift in Sources */ = {isa = PBXBuildFile; fileRef = 5C7BDFB52B062F5900419387 /* AppDelegate.swift */; };
		5C7BDFB82B062F5900419387 /* SceneDelegate.swift in Sources */ = {isa = PBXBuildFile; fileRef = 5C7BDFB72B062F5900419387 /* SceneDelegate.swift */; };
		5C7BDFBF2B062F5A00419387 /* Assets.xcassets in Resources */ = {isa = PBXBuildFile; fileRef = 5C7BDFBE2B062F5A00419387 /* Assets.xcassets */; };
		5C7BDFC22B062F5A00419387 /* LaunchScreen.storyboard in Resources */ = {isa = PBXBuildFile; fileRef = 5C7BDFC02B062F5A00419387 /* LaunchScreen.storyboard */; };
		5CB187682B07600800265F79 /* MenuViewController.swift in Sources */ = {isa = PBXBuildFile; fileRef = 5CB187672B07600800265F79 /* MenuViewController.swift */; };
		5CB1876A2B07602200265F79 /* HomeViewController.swift in Sources */ = {isa = PBXBuildFile; fileRef = 5CB187692B07602200265F79 /* HomeViewController.swift */; };
		5CB1876F2B07864C00265F79 /* GetPostResponse.swift in Sources */ = {isa = PBXBuildFile; fileRef = 5CB1876E2B07864C00265F79 /* GetPostResponse.swift */; };
		5CB187712B07878700265F79 /* PostTableViewCell.swift in Sources */ = {isa = PBXBuildFile; fileRef = 5CB187702B07878700265F79 /* PostTableViewCell.swift */; };
		5CB187762B07898B00265F79 /* PostRemote.swift in Sources */ = {isa = PBXBuildFile; fileRef = 5CB187752B07898B00265F79 /* PostRemote.swift */; };
		5CB187782B0789C100265F79 /* HttpStatusCode.swift in Sources */ = {isa = PBXBuildFile; fileRef = 5CB187772B0789C100265F79 /* HttpStatusCode.swift */; };
		5CB1877A2B078AC500265F79 /* NetworkService.swift in Sources */ = {isa = PBXBuildFile; fileRef = 5CB187792B078AC500265F79 /* NetworkService.swift */; };
		5CB1877F2B07C80B00265F79 /* RealmSwift in Frameworks */ = {isa = PBXBuildFile; productRef = 5CB1877E2B07C80B00265F79 /* RealmSwift */; };
		5CB187812B07C90200265F79 /* Realm in Frameworks */ = {isa = PBXBuildFile; productRef = 5CB187802B07C90200265F79 /* Realm */; };
		5CFFAEBC2B0A87B700B1A494 /* Lottie in Frameworks */ = {isa = PBXBuildFile; productRef = 5CFFAEBB2B0A87B700B1A494 /* Lottie */; };
		5CFFAEBF2B0A885400B1A494 /* IQKeyboardManagerSwift in Frameworks */ = {isa = PBXBuildFile; productRef = 5CFFAEBE2B0A885400B1A494 /* IQKeyboardManagerSwift */; };
		5CFFAEC22B0A88E900B1A494 /* KeychainAccess in Frameworks */ = {isa = PBXBuildFile; productRef = 5CFFAEC12B0A88E900B1A494 /* KeychainAccess */; };
/* End PBXBuildFile section */

/* Begin PBXFileReference section */
		5C099BFC2B06A6B800FAA7D1 /* EnvironmentIdentifier.swift */ = {isa = PBXFileReference; lastKnownFileType = sourcecode.swift; path = EnvironmentIdentifier.swift; sourceTree = "<group>"; };
		5C099BFE2B06A6F900FAA7D1 /* GoogleService-Info.plist */ = {isa = PBXFileReference; fileEncoding = 4; lastKnownFileType = text.plist.xml; path = "GoogleService-Info.plist"; sourceTree = "<group>"; };
		5C099C002B06A88500FAA7D1 /* Release.xcconfig */ = {isa = PBXFileReference; fileEncoding = 4; lastKnownFileType = text.xcconfig; path = Release.xcconfig; sourceTree = "<group>"; };
		5C099C0C2B06AD1000FAA7D1 /* Config.swift */ = {isa = PBXFileReference; lastKnownFileType = sourcecode.swift; path = Config.swift; sourceTree = "<group>"; };
		5C099C0E2B06ADDC00FAA7D1 /* NavigationExtensions.swift */ = {isa = PBXFileReference; lastKnownFileType = sourcecode.swift; path = NavigationExtensions.swift; sourceTree = "<group>"; };
		5C099C112B06AE4400FAA7D1 /* UserDefaults+Extensions.swift */ = {isa = PBXFileReference; lastKnownFileType = sourcecode.swift; path = "UserDefaults+Extensions.swift"; sourceTree = "<group>"; };
		5C099C152B06AF6C00FAA7D1 /* User.swift */ = {isa = PBXFileReference; lastKnownFileType = sourcecode.swift; path = User.swift; sourceTree = "<group>"; };
		5C099C192B06B23200FAA7D1 /* LoginViewController.swift */ = {isa = PBXFileReference; lastKnownFileType = sourcecode.swift; path = LoginViewController.swift; sourceTree = "<group>"; };
		5C099C1D2B06B2EF00FAA7D1 /* TABackViewController.swift */ = {isa = PBXFileReference; lastKnownFileType = sourcecode.swift; path = TABackViewController.swift; sourceTree = "<group>"; };
		5C099C1F2B06B31000FAA7D1 /* BackStackView.swift */ = {isa = PBXFileReference; lastKnownFileType = sourcecode.swift; path = BackStackView.swift; sourceTree = "<group>"; };
		5C099C222B06B36500FAA7D1 /* Images.swift */ = {isa = PBXFileReference; lastKnownFileType = sourcecode.swift; path = Images.swift; sourceTree = "<group>"; };
		5C099C242B06B3AD00FAA7D1 /* Styles.swift */ = {isa = PBXFileReference; lastKnownFileType = sourcecode.swift; path = Styles.swift; sourceTree = "<group>"; };
		5C099C272B06B3FA00FAA7D1 /* Lato-Regular.ttf */ = {isa = PBXFileReference; lastKnownFileType = file; path = "Lato-Regular.ttf"; sourceTree = "<group>"; };
		5C099C282B06B42100FAA7D1 /* Colors.swift */ = {isa = PBXFileReference; lastKnownFileType = sourcecode.swift; path = Colors.swift; sourceTree = "<group>"; };
		5C099C2B2B06B56C00FAA7D1 /* UIView+Extenstions.swift */ = {isa = PBXFileReference; lastKnownFileType = sourcecode.swift; path = "UIView+Extenstions.swift"; sourceTree = "<group>"; };
		5C099C2D2B06B8A600FAA7D1 /* Lato-Bold.ttf */ = {isa = PBXFileReference; lastKnownFileType = file; path = "Lato-Bold.ttf"; sourceTree = "<group>"; };
		5C099C2F2B06B92A00FAA7D1 /* OldTATextField.swift */ = {isa = PBXFileReference; lastKnownFileType = sourcecode.swift; path = OldTATextField.swift; sourceTree = "<group>"; };
		5C099C312B06B94700FAA7D1 /* BaseTAField.swift */ = {isa = PBXFileReference; lastKnownFileType = sourcecode.swift; path = BaseTAField.swift; sourceTree = "<group>"; };
		5C099C342B06BA4500FAA7D1 /* Labels.swift */ = {isa = PBXFileReference; lastKnownFileType = sourcecode.swift; path = Labels.swift; sourceTree = "<group>"; };
		5C099C362B06BA7B00FAA7D1 /* Fonts.swift */ = {isa = PBXFileReference; lastKnownFileType = sourcecode.swift; path = Fonts.swift; sourceTree = "<group>"; };
		5C099C382B06BACD00FAA7D1 /* UILabel+Extensions.swift */ = {isa = PBXFileReference; lastKnownFileType = sourcecode.swift; path = "UILabel+Extensions.swift"; sourceTree = "<group>"; };
		5C099C3A2B06BB4F00FAA7D1 /* NSAttributedString+Extensions.swift */ = {isa = PBXFileReference; lastKnownFileType = sourcecode.swift; path = "NSAttributedString+Extensions.swift"; sourceTree = "<group>"; };
		5C099C3C2B06BCEE00FAA7D1 /* TAField.swift */ = {isa = PBXFileReference; lastKnownFileType = sourcecode.swift; path = TAField.swift; sourceTree = "<group>"; };
		5C099C3E2B06BD4400FAA7D1 /* UITextField+Extensions.swift */ = {isa = PBXFileReference; lastKnownFileType = sourcecode.swift; path = "UITextField+Extensions.swift"; sourceTree = "<group>"; };
		5C099C402B06BDFD00FAA7D1 /* UIButton+Extensions.swift */ = {isa = PBXFileReference; lastKnownFileType = sourcecode.swift; path = "UIButton+Extensions.swift"; sourceTree = "<group>"; };
		5C099C422B06BE8000FAA7D1 /* String+Extensions.swift */ = {isa = PBXFileReference; lastKnownFileType = sourcecode.swift; path = "String+Extensions.swift"; sourceTree = "<group>"; };
		5C099C442B06BF3300FAA7D1 /*  UIStackView+Extensions.swift */ = {isa = PBXFileReference; lastKnownFileType = sourcecode.swift; path = " UIStackView+Extensions.swift"; sourceTree = "<group>"; };
		5C099C472B06C2DE00FAA7D1 /* TAProgressHUD.swift */ = {isa = PBXFileReference; lastKnownFileType = sourcecode.swift; path = TAProgressHUD.swift; sourceTree = "<group>"; };
		5C099C4C2B06C3BA00FAA7D1 /* CdlLoader.json */ = {isa = PBXFileReference; fileEncoding = 4; lastKnownFileType = text.json; path = CdlLoader.json; sourceTree = "<group>"; };
		5C099C4E2B06C61F00FAA7D1 /* ProgressHUD.swift */ = {isa = PBXFileReference; lastKnownFileType = sourcecode.swift; path = ProgressHUD.swift; sourceTree = "<group>"; };
		5C099C502B06C79500FAA7D1 /* UIViewController+Extensions.swift */ = {isa = PBXFileReference; lastKnownFileType = sourcecode.swift; path = "UIViewController+Extensions.swift"; sourceTree = "<group>"; };
		5C099C522B06C83C00FAA7D1 /* BottomSheetViewController.swift */ = {isa = PBXFileReference; lastKnownFileType = sourcecode.swift; path = BottomSheetViewController.swift; sourceTree = "<group>"; };
		5C099C542B06CC6A00FAA7D1 /* Reach.swift */ = {isa = PBXFileReference; fileEncoding = 4; lastKnownFileType = sourcecode.swift; path = Reach.swift; sourceTree = "<group>"; };
		5C099C572B06D19F00FAA7D1 /* SignupViewController.swift */ = {isa = PBXFileReference; lastKnownFileType = sourcecode.swift; path = SignupViewController.swift; sourceTree = "<group>"; };
		5C099C5B2B06D25600FAA7D1 /* CollectPersonalInfoView.swift */ = {isa = PBXFileReference; lastKnownFileType = sourcecode.swift; path = CollectPersonalInfoView.swift; sourceTree = "<group>"; };
		5C099C5E2B0755DE00FAA7D1 /* ContainerViewController.swift */ = {isa = PBXFileReference; lastKnownFileType = sourcecode.swift; path = ContainerViewController.swift; sourceTree = "<group>"; };
		5C7BDFB22B062F5900419387 /* CDL.app */ = {isa = PBXFileReference; explicitFileType = wrapper.application; includeInIndex = 0; path = CDL.app; sourceTree = BUILT_PRODUCTS_DIR; };
		5C7BDFB52B062F5900419387 /* AppDelegate.swift */ = {isa = PBXFileReference; lastKnownFileType = sourcecode.swift; path = AppDelegate.swift; sourceTree = "<group>"; };
		5C7BDFB72B062F5900419387 /* SceneDelegate.swift */ = {isa = PBXFileReference; lastKnownFileType = sourcecode.swift; path = SceneDelegate.swift; sourceTree = "<group>"; };
		5C7BDFBE2B062F5A00419387 /* Assets.xcassets */ = {isa = PBXFileReference; lastKnownFileType = folder.assetcatalog; path = Assets.xcassets; sourceTree = "<group>"; };
		5C7BDFC12B062F5A00419387 /* Base */ = {isa = PBXFileReference; lastKnownFileType = file.storyboard; name = Base; path = Base.lproj/LaunchScreen.storyboard; sourceTree = "<group>"; };
		5C7BDFC32B062F5A00419387 /* Info.plist */ = {isa = PBXFileReference; lastKnownFileType = text.plist.xml; path = Info.plist; sourceTree = "<group>"; };
		5CB187672B07600800265F79 /* MenuViewController.swift */ = {isa = PBXFileReference; lastKnownFileType = sourcecode.swift; path = MenuViewController.swift; sourceTree = "<group>"; };
		5CB187692B07602200265F79 /* HomeViewController.swift */ = {isa = PBXFileReference; lastKnownFileType = sourcecode.swift; path = HomeViewController.swift; sourceTree = "<group>"; };
		5CB1876E2B07864C00265F79 /* GetPostResponse.swift */ = {isa = PBXFileReference; lastKnownFileType = sourcecode.swift; path = GetPostResponse.swift; sourceTree = "<group>"; };
		5CB187702B07878700265F79 /* PostTableViewCell.swift */ = {isa = PBXFileReference; lastKnownFileType = sourcecode.swift; path = PostTableViewCell.swift; sourceTree = "<group>"; };
		5CB187752B07898B00265F79 /* PostRemote.swift */ = {isa = PBXFileReference; lastKnownFileType = sourcecode.swift; path = PostRemote.swift; sourceTree = "<group>"; };
		5CB187772B0789C100265F79 /* HttpStatusCode.swift */ = {isa = PBXFileReference; lastKnownFileType = sourcecode.swift; path = HttpStatusCode.swift; sourceTree = "<group>"; };
		5CB187792B078AC500265F79 /* NetworkService.swift */ = {isa = PBXFileReference; lastKnownFileType = sourcecode.swift; path = NetworkService.swift; sourceTree = "<group>"; };
/* End PBXFileReference section */

/* Begin PBXFrameworksBuildPhase section */
		5C7BDFAF2B062F5900419387 /* Frameworks */ = {
			isa = PBXFrameworksBuildPhase;
			buildActionMask = 2147483647;
			files = (
				5CB187812B07C90200265F79 /* Realm in Frameworks */,
				5C4FD1EC2B06A5A9000C39E7 /* FirebaseDatabaseSwift in Frameworks */,
				5C4FD1FA2B06A5AA000C39E7 /* FirebaseInstallations in Frameworks */,
				5C4FD1EA2B06A5A9000C39E7 /* FirebaseDatabase in Frameworks */,
				5CFFAEC22B0A88E900B1A494 /* KeychainAccess in Frameworks */,
				5C4FD1E02B06A5A9000C39E7 /* FirebaseAppCheck in Frameworks */,
				5C4FD1F62B06A5A9000C39E7 /* FirebaseFunctions in Frameworks */,
				5C4FD2042B06A5AA000C39E7 /* FirebaseStorageCombine-Community in Frameworks */,
				5CB1877F2B07C80B00265F79 /* RealmSwift in Frameworks */,
				5CFFAEBF2B0A885400B1A494 /* IQKeyboardManagerSwift in Frameworks */,
				5C4FD1F22B06A5A9000C39E7 /* FirebaseFirestoreCombine-Community in Frameworks */,
				5C4FD1EE2B06A5A9000C39E7 /* FirebaseDynamicLinks in Frameworks */,
				5C4FD1F42B06A5A9000C39E7 /* FirebaseFirestoreSwift in Frameworks */,
				5C4FD2002B06A5AA000C39E7 /* FirebasePerformance in Frameworks */,
				5C4FD1E42B06A5A9000C39E7 /* FirebaseAuth in Frameworks */,
				5C4FD2022B06A5AA000C39E7 /* FirebaseStorage in Frameworks */,
				5C4FD1F82B06A5A9000C39E7 /* FirebaseFunctionsCombine-Community in Frameworks */,
				5CFFAEBC2B0A87B700B1A494 /* Lottie in Frameworks */,
				5C4FD1F02B06A5A9000C39E7 /* FirebaseFirestore in Frameworks */,
				5C4FD1FC2B06A5AA000C39E7 /* FirebaseMLModelDownloader in Frameworks */,
				5C4FD1E22B06A5A9000C39E7 /* FirebaseAppDistribution-Beta in Frameworks */,
				5C4FD1E62B06A5A9000C39E7 /* FirebaseAuthCombine-Community in Frameworks */,
			);
			runOnlyForDeploymentPostprocessing = 0;
		};
/* End PBXFrameworksBuildPhase section */

/* Begin PBXGroup section */
		5C099BFB2B06A69400FAA7D1 /* ConfigFiles */ = {
			isa = PBXGroup;
			children = (
				5C099C002B06A88500FAA7D1 /* Release.xcconfig */,
				5C099BFE2B06A6F900FAA7D1 /* GoogleService-Info.plist */,
				5C099BFC2B06A6B800FAA7D1 /* EnvironmentIdentifier.swift */,
			);
			path = ConfigFiles;
			sourceTree = "<group>";
		};
		5C099C052B06AC6500FAA7D1 /* Frameworks */ = {
			isa = PBXGroup;
			children = (
			);
			name = Frameworks;
			sourceTree = "<group>";
		};
		5C099C0A2B06ACDC00FAA7D1 /* Core */ = {
			isa = PBXGroup;
			children = (
				5C099C1B2B06B2D000FAA7D1 /* UI */,
				5C099C132B06AF3C00FAA7D1 /* Network */,
				5C099C0B2B06ACF200FAA7D1 /* Utils */,
			);
			path = Core;
			sourceTree = "<group>";
		};
		5C099C0B2B06ACF200FAA7D1 /* Utils */ = {
			isa = PBXGroup;
			children = (
				5C099C542B06CC6A00FAA7D1 /* Reach.swift */,
				5C099C462B06C2B600FAA7D1 /* TAProgressHUD */,
				5C099C102B06AE2C00FAA7D1 /* Extensions */,
				5C099C0C2B06AD1000FAA7D1 /* Config.swift */,
				5C099C0E2B06ADDC00FAA7D1 /* NavigationExtensions.swift */,
			);
			path = Utils;
			sourceTree = "<group>";
		};
		5C099C102B06AE2C00FAA7D1 /* Extensions */ = {
			isa = PBXGroup;
			children = (
				5C099C2B2B06B56C00FAA7D1 /* UIView+Extenstions.swift */,
				5C099C382B06BACD00FAA7D1 /* UILabel+Extensions.swift */,
				5C099C112B06AE4400FAA7D1 /* UserDefaults+Extensions.swift */,
				5C099C3A2B06BB4F00FAA7D1 /* NSAttributedString+Extensions.swift */,
				5C099C3E2B06BD4400FAA7D1 /* UITextField+Extensions.swift */,
				5C099C402B06BDFD00FAA7D1 /* UIButton+Extensions.swift */,
				5C099C422B06BE8000FAA7D1 /* String+Extensions.swift */,
				5C099C442B06BF3300FAA7D1 /*  UIStackView+Extensions.swift */,
				5C099C502B06C79500FAA7D1 /* UIViewController+Extensions.swift */,
			);
			path = Extensions;
			sourceTree = "<group>";
		};
		5C099C132B06AF3C00FAA7D1 /* Network */ = {
			isa = PBXGroup;
			children = (
				5CB187772B0789C100265F79 /* HttpStatusCode.swift */,
				5CB187752B07898B00265F79 /* PostRemote.swift */,
				5C099C142B06AF5500FAA7D1 /* Models */,
				5CB187792B078AC500265F79 /* NetworkService.swift */,
			);
			path = Network;
			sourceTree = "<group>";
		};
		5C099C142B06AF5500FAA7D1 /* Models */ = {
			isa = PBXGroup;
			children = (
				5C099C152B06AF6C00FAA7D1 /* User.swift */,
				5CB1876E2B07864C00265F79 /* GetPostResponse.swift */,
			);
			path = Models;
			sourceTree = "<group>";
		};
		5C099C172B06B21400FAA7D1 /* UI */ = {
			isa = PBXGroup;
			children = (
				5CB1876B2B077FF800265F79 /* Post */,
				5C099C562B06D18F00FAA7D1 /* SignUp */,
				5C099C182B06B22000FAA7D1 /* Login */,
			);
			path = UI;
			sourceTree = "<group>";
		};
		5C099C182B06B22000FAA7D1 /* Login */ = {
			isa = PBXGroup;
			children = (
				5C099C192B06B23200FAA7D1 /* LoginViewController.swift */,
			);
			path = Login;
			sourceTree = "<group>";
		};
		5C099C1B2B06B2D000FAA7D1 /* UI */ = {
			isa = PBXGroup;
			children = (
				5C099C212B06B34F00FAA7D1 /* Styling */,
				5C099C1C2B06B2D900FAA7D1 /* Custom UIKits */,
			);
			path = UI;
			sourceTree = "<group>";
		};
		5C099C1C2B06B2D900FAA7D1 /* Custom UIKits */ = {
			isa = PBXGroup;
			children = (
				5C099C2E2B06B91600FAA7D1 /* CustimTextField */,
				5C099C1D2B06B2EF00FAA7D1 /* TABackViewController.swift */,
				5C099C1F2B06B31000FAA7D1 /* BackStackView.swift */,
				5C099C4E2B06C61F00FAA7D1 /* ProgressHUD.swift */,
				5C099C522B06C83C00FAA7D1 /* BottomSheetViewController.swift */,
			);
			path = "Custom UIKits";
			sourceTree = "<group>";
		};
		5C099C212B06B34F00FAA7D1 /* Styling */ = {
			isa = PBXGroup;
			children = (
				5C099C332B06BA3300FAA7D1 /* Styles */,
				5C099C262B06B3DE00FAA7D1 /* Fonts */,
			);
			path = Styling;
			sourceTree = "<group>";
		};
		5C099C262B06B3DE00FAA7D1 /* Fonts */ = {
			isa = PBXGroup;
			children = (
				5C099C2D2B06B8A600FAA7D1 /* Lato-Bold.ttf */,
				5C099C272B06B3FA00FAA7D1 /* Lato-Regular.ttf */,
			);
			path = Fonts;
			sourceTree = "<group>";
		};
		5C099C2E2B06B91600FAA7D1 /* CustimTextField */ = {
			isa = PBXGroup;
			children = (
				5C099C2F2B06B92A00FAA7D1 /* OldTATextField.swift */,
				5C099C312B06B94700FAA7D1 /* BaseTAField.swift */,
				5C099C3C2B06BCEE00FAA7D1 /* TAField.swift */,
			);
			path = CustimTextField;
			sourceTree = "<group>";
		};
		5C099C332B06BA3300FAA7D1 /* Styles */ = {
			isa = PBXGroup;
			children = (
				5C099C222B06B36500FAA7D1 /* Images.swift */,
				5C099C242B06B3AD00FAA7D1 /* Styles.swift */,
				5C099C282B06B42100FAA7D1 /* Colors.swift */,
				5C099C342B06BA4500FAA7D1 /* Labels.swift */,
				5C099C362B06BA7B00FAA7D1 /* Fonts.swift */,
			);
			path = Styles;
			sourceTree = "<group>";
		};
		5C099C462B06C2B600FAA7D1 /* TAProgressHUD */ = {
			isa = PBXGroup;
			children = (
				5C099C4C2B06C3BA00FAA7D1 /* CdlLoader.json */,
				5C099C472B06C2DE00FAA7D1 /* TAProgressHUD.swift */,
			);
			path = TAProgressHUD;
			sourceTree = "<group>";
		};
		5C099C562B06D18F00FAA7D1 /* SignUp */ = {
			isa = PBXGroup;
			children = (
				5C099C572B06D19F00FAA7D1 /* SignupViewController.swift */,
				5C099C5B2B06D25600FAA7D1 /* CollectPersonalInfoView.swift */,
			);
			path = SignUp;
			sourceTree = "<group>";
		};
		5C099C5D2B0755BB00FAA7D1 /* SideMenu */ = {
			isa = PBXGroup;
			children = (
				5C099C5E2B0755DE00FAA7D1 /* ContainerViewController.swift */,
				5CB187672B07600800265F79 /* MenuViewController.swift */,
				5CB187692B07602200265F79 /* HomeViewController.swift */,
			);
			path = SideMenu;
			sourceTree = "<group>";
		};
		5C7BDFA92B062F5900419387 = {
			isa = PBXGroup;
			children = (
				5C099BFB2B06A69400FAA7D1 /* ConfigFiles */,
				5C7BDFB42B062F5900419387 /* CDL */,
				5C7BDFB32B062F5900419387 /* Products */,
				5C099C052B06AC6500FAA7D1 /* Frameworks */,
			);
			sourceTree = "<group>";
		};
		5C7BDFB32B062F5900419387 /* Products */ = {
			isa = PBXGroup;
			children = (
				5C7BDFB22B062F5900419387 /* CDL.app */,
			);
			name = Products;
			sourceTree = "<group>";
		};
		5C7BDFB42B062F5900419387 /* CDL */ = {
			isa = PBXGroup;
			children = (
				5C099C172B06B21400FAA7D1 /* UI */,
				5C099C0A2B06ACDC00FAA7D1 /* Core */,
				5C7BDFB52B062F5900419387 /* AppDelegate.swift */,
				5C7BDFB72B062F5900419387 /* SceneDelegate.swift */,
				5C7BDFBE2B062F5A00419387 /* Assets.xcassets */,
				5C7BDFC02B062F5A00419387 /* LaunchScreen.storyboard */,
				5C7BDFC32B062F5A00419387 /* Info.plist */,
			);
			path = CDL;
			sourceTree = "<group>";
		};
		5CB1876B2B077FF800265F79 /* Post */ = {
			isa = PBXGroup;
			children = (
				5C099C5D2B0755BB00FAA7D1 /* SideMenu */,
				5CB187702B07878700265F79 /* PostTableViewCell.swift */,
			);
			path = Post;
			sourceTree = "<group>";
		};
/* End PBXGroup section */

/* Begin PBXNativeTarget section */
		5C7BDFB12B062F5900419387 /* CDL */ = {
			isa = PBXNativeTarget;
			buildConfigurationList = 5C7BDFC62B062F5A00419387 /* Build configuration list for PBXNativeTarget "CDL" */;
			buildPhases = (
				5C7BDFAE2B062F5900419387 /* Sources */,
				5C7BDFAF2B062F5900419387 /* Frameworks */,
				5C7BDFB02B062F5900419387 /* Resources */,
			);
			buildRules = (
			);
			dependencies = (
			);
			name = CDL;
			packageProductDependencies = (
				5C4FD1DF2B06A5A9000C39E7 /* FirebaseAppCheck */,
				5C4FD1E12B06A5A9000C39E7 /* FirebaseAppDistribution-Beta */,
				5C4FD1E32B06A5A9000C39E7 /* FirebaseAuth */,
				5C4FD1E52B06A5A9000C39E7 /* FirebaseAuthCombine-Community */,
				5C4FD1E92B06A5A9000C39E7 /* FirebaseDatabase */,
				5C4FD1EB2B06A5A9000C39E7 /* FirebaseDatabaseSwift */,
				5C4FD1ED2B06A5A9000C39E7 /* FirebaseDynamicLinks */,
				5C4FD1EF2B06A5A9000C39E7 /* FirebaseFirestore */,
				5C4FD1F12B06A5A9000C39E7 /* FirebaseFirestoreCombine-Community */,
				5C4FD1F32B06A5A9000C39E7 /* FirebaseFirestoreSwift */,
				5C4FD1F52B06A5A9000C39E7 /* FirebaseFunctions */,
				5C4FD1F72B06A5A9000C39E7 /* FirebaseFunctionsCombine-Community */,
				5C4FD1F92B06A5AA000C39E7 /* FirebaseInstallations */,
				5C4FD1FB2B06A5AA000C39E7 /* FirebaseMLModelDownloader */,
				5C4FD1FF2B06A5AA000C39E7 /* FirebasePerformance */,
				5C4FD2012B06A5AA000C39E7 /* FirebaseStorage */,
				5C4FD2032B06A5AA000C39E7 /* FirebaseStorageCombine-Community */,
				5CB1877E2B07C80B00265F79 /* RealmSwift */,
				5CB187802B07C90200265F79 /* Realm */,
				5CFFAEBB2B0A87B700B1A494 /* Lottie */,
				5CFFAEBE2B0A885400B1A494 /* IQKeyboardManagerSwift */,
				5CFFAEC12B0A88E900B1A494 /* KeychainAccess */,
			);
			productName = CDL;
			productReference = 5C7BDFB22B062F5900419387 /* CDL.app */;
			productType = "com.apple.product-type.application";
		};
/* End PBXNativeTarget section */

/* Begin PBXProject section */
		5C7BDFAA2B062F5900419387 /* Project object */ = {
			isa = PBXProject;
			attributes = {
				BuildIndependentTargetsInParallel = 1;
				LastSwiftUpdateCheck = 1430;
				LastUpgradeCheck = 1430;
				TargetAttributes = {
					5C7BDFB12B062F5900419387 = {
						CreatedOnToolsVersion = 14.3.1;
					};
				};
			};
			buildConfigurationList = 5C7BDFAD2B062F5900419387 /* Build configuration list for PBXProject "CDL" */;
			compatibilityVersion = "Xcode 14.0";
			developmentRegion = en;
			hasScannedForEncodings = 0;
			knownRegions = (
				en,
				Base,
			);
			mainGroup = 5C7BDFA92B062F5900419387;
			packageReferences = (
				5C4FD1DE2B06A5A9000C39E7 /* XCRemoteSwiftPackageReference "firebase-ios-sdk" */,
				5CB1877B2B07C80A00265F79 /* XCRemoteSwiftPackageReference "realm-swift" */,
				5CFFAEBA2B0A87B700B1A494 /* XCRemoteSwiftPackageReference "lottie-spm" */,
				5CFFAEBD2B0A885400B1A494 /* XCRemoteSwiftPackageReference "IQKeyboardManager" */,
				5CFFAEC02B0A88E900B1A494 /* XCRemoteSwiftPackageReference "KeychainAccess" */,
			);
			productRefGroup = 5C7BDFB32B062F5900419387 /* Products */;
			projectDirPath = "";
			projectRoot = "";
			targets = (
				5C7BDFB12B062F5900419387 /* CDL */,
			);
		};
/* End PBXProject section */

/* Begin PBXResourcesBuildPhase section */
		5C7BDFB02B062F5900419387 /* Resources */ = {
			isa = PBXResourcesBuildPhase;
			buildActionMask = 2147483647;
			files = (
				5C099C4D2B06C3BA00FAA7D1 /* CdlLoader.json in Resources */,
				5C7BDFC22B062F5A00419387 /* LaunchScreen.storyboard in Resources */,
				5C099BFF2B06A6F900FAA7D1 /* GoogleService-Info.plist in Resources */,
				5C7BDFBF2B062F5A00419387 /* Assets.xcassets in Resources */,
				5C099C012B06A88500FAA7D1 /* Release.xcconfig in Resources */,
			);
			runOnlyForDeploymentPostprocessing = 0;
		};
/* End PBXResourcesBuildPhase section */

/* Begin PBXSourcesBuildPhase section */
		5C7BDFAE2B062F5900419387 /* Sources */ = {
			isa = PBXSourcesBuildPhase;
			buildActionMask = 2147483647;
			files = (
				5C099C452B06BF3300FAA7D1 /*  UIStackView+Extensions.swift in Sources */,
				5C099C3F2B06BD4400FAA7D1 /* UITextField+Extensions.swift in Sources */,
				5C099C412B06BDFD00FAA7D1 /* UIButton+Extensions.swift in Sources */,
				5C099C1A2B06B23200FAA7D1 /* LoginViewController.swift in Sources */,
				5C099C232B06B36500FAA7D1 /* Images.swift in Sources */,
				5CB187712B07878700265F79 /* PostTableViewCell.swift in Sources */,
				5C099C252B06B3AD00FAA7D1 /* Styles.swift in Sources */,
				5C099C4F2B06C61F00FAA7D1 /* ProgressHUD.swift in Sources */,
				5C099C292B06B42100FAA7D1 /* Colors.swift in Sources */,
				5C099C0F2B06ADDC00FAA7D1 /* NavigationExtensions.swift in Sources */,
				5C099C582B06D19F00FAA7D1 /* SignupViewController.swift in Sources */,
				5C7BDFB62B062F5900419387 /* AppDelegate.swift in Sources */,
				5C099C2C2B06B56C00FAA7D1 /* UIView+Extenstions.swift in Sources */,
				5CB187782B0789C100265F79 /* HttpStatusCode.swift in Sources */,
				5C099C1E2B06B2EF00FAA7D1 /* TABackViewController.swift in Sources */,
				5C099C532B06C83C00FAA7D1 /* BottomSheetViewController.swift in Sources */,
				5C099C0D2B06AD1000FAA7D1 /* Config.swift in Sources */,
				5C099C3B2B06BB4F00FAA7D1 /* NSAttributedString+Extensions.swift in Sources */,
				5C099C162B06AF6C00FAA7D1 /* User.swift in Sources */,
				5C099C122B06AE4400FAA7D1 /* UserDefaults+Extensions.swift in Sources */,
				5C099C432B06BE8000FAA7D1 /* String+Extensions.swift in Sources */,
				5C099C322B06B94700FAA7D1 /* BaseTAField.swift in Sources */,
				5CB1876F2B07864C00265F79 /* GetPostResponse.swift in Sources */,
				5C099C302B06B92A00FAA7D1 /* OldTATextField.swift in Sources */,
				5CB1877A2B078AC500265F79 /* NetworkService.swift in Sources */,
				5C099C3D2B06BCEE00FAA7D1 /* TAField.swift in Sources */,
				5CB1876A2B07602200265F79 /* HomeViewController.swift in Sources */,
				5C099C352B06BA4500FAA7D1 /* Labels.swift in Sources */,
				5C099C552B06CC6A00FAA7D1 /* Reach.swift in Sources */,
				5C099BFD2B06A6B800FAA7D1 /* EnvironmentIdentifier.swift in Sources */,
				5C099C482B06C2DE00FAA7D1 /* TAProgressHUD.swift in Sources */,
				5C099C5C2B06D25600FAA7D1 /* CollectPersonalInfoView.swift in Sources */,
				5C099C5F2B0755DE00FAA7D1 /* ContainerViewController.swift in Sources */,
				5C099C392B06BACD00FAA7D1 /* UILabel+Extensions.swift in Sources */,
				5C099C202B06B31000FAA7D1 /* BackStackView.swift in Sources */,
				5CB187682B07600800265F79 /* MenuViewController.swift in Sources */,
				5C099C372B06BA7B00FAA7D1 /* Fonts.swift in Sources */,
				5C7BDFB82B062F5900419387 /* SceneDelegate.swift in Sources */,
				5CB187762B07898B00265F79 /* PostRemote.swift in Sources */,
				5C099C512B06C79500FAA7D1 /* UIViewController+Extensions.swift in Sources */,
			);
			runOnlyForDeploymentPostprocessing = 0;
		};
/* End PBXSourcesBuildPhase section */

/* Begin PBXVariantGroup section */
		5C7BDFC02B062F5A00419387 /* LaunchScreen.storyboard */ = {
			isa = PBXVariantGroup;
			children = (
				5C7BDFC12B062F5A00419387 /* Base */,
			);
			name = LaunchScreen.storyboard;
			sourceTree = "<group>";
		};
/* End PBXVariantGroup section */

/* Begin XCBuildConfiguration section */
		5C7BDFC42B062F5A00419387 /* Debug */ = {
			isa = XCBuildConfiguration;
			baseConfigurationReference = 5C099C002B06A88500FAA7D1 /* Release.xcconfig */;
			buildSettings = {
				ALWAYS_SEARCH_USER_PATHS = NO;
				CLANG_ANALYZER_NONNULL = YES;
				CLANG_ANALYZER_NUMBER_OBJECT_CONVERSION = YES_AGGRESSIVE;
				CLANG_CXX_LANGUAGE_STANDARD = "gnu++20";
				CLANG_ENABLE_MODULES = YES;
				CLANG_ENABLE_OBJC_ARC = YES;
				CLANG_ENABLE_OBJC_WEAK = YES;
				CLANG_WARN_BLOCK_CAPTURE_AUTORELEASING = YES;
				CLANG_WARN_BOOL_CONVERSION = YES;
				CLANG_WARN_COMMA = YES;
				CLANG_WARN_CONSTANT_CONVERSION = YES;
				CLANG_WARN_DEPRECATED_OBJC_IMPLEMENTATIONS = YES;
				CLANG_WARN_DIRECT_OBJC_ISA_USAGE = YES_ERROR;
				CLANG_WARN_DOCUMENTATION_COMMENTS = YES;
				CLANG_WARN_EMPTY_BODY = YES;
				CLANG_WARN_ENUM_CONVERSION = YES;
				CLANG_WARN_INFINITE_RECURSION = YES;
				CLANG_WARN_INT_CONVERSION = YES;
				CLANG_WARN_NON_LITERAL_NULL_CONVERSION = YES;
				CLANG_WARN_OBJC_IMPLICIT_RETAIN_SELF = YES;
				CLANG_WARN_OBJC_LITERAL_CONVERSION = YES;
				CLANG_WARN_OBJC_ROOT_CLASS = YES_ERROR;
				CLANG_WARN_QUOTED_INCLUDE_IN_FRAMEWORK_HEADER = YES;
				CLANG_WARN_RANGE_LOOP_ANALYSIS = YES;
				CLANG_WARN_STRICT_PROTOTYPES = YES;
				CLANG_WARN_SUSPICIOUS_MOVE = YES;
				CLANG_WARN_UNGUARDED_AVAILABILITY = YES_AGGRESSIVE;
				CLANG_WARN_UNREACHABLE_CODE = YES;
				CLANG_WARN__DUPLICATE_METHOD_MATCH = YES;
				COPY_PHASE_STRIP = NO;
				DEBUG_INFORMATION_FORMAT = dwarf;
				ENABLE_STRICT_OBJC_MSGSEND = YES;
				ENABLE_TESTABILITY = YES;
				GCC_C_LANGUAGE_STANDARD = gnu11;
				GCC_DYNAMIC_NO_PIC = NO;
				GCC_NO_COMMON_BLOCKS = YES;
				GCC_OPTIMIZATION_LEVEL = 0;
				GCC_PREPROCESSOR_DEFINITIONS = (
					"DEBUG=1",
					"$(inherited)",
				);
				GCC_WARN_64_TO_32_BIT_CONVERSION = YES;
				GCC_WARN_ABOUT_RETURN_TYPE = YES_ERROR;
				GCC_WARN_UNDECLARED_SELECTOR = YES;
				GCC_WARN_UNINITIALIZED_AUTOS = YES_AGGRESSIVE;
				GCC_WARN_UNUSED_FUNCTION = YES;
				GCC_WARN_UNUSED_VARIABLE = YES;
				IPHONEOS_DEPLOYMENT_TARGET = 16.4;
				MTL_ENABLE_DEBUG_INFO = INCLUDE_SOURCE;
				MTL_FAST_MATH = YES;
				ONLY_ACTIVE_ARCH = YES;
				SDKROOT = iphoneos;
				SWIFT_ACTIVE_COMPILATION_CONDITIONS = DEBUG;
				SWIFT_OPTIMIZATION_LEVEL = "-Onone";
			};
			name = Debug;
		};
		5C7BDFC52B062F5A00419387 /* Release */ = {
			isa = XCBuildConfiguration;
			baseConfigurationReference = 5C099C002B06A88500FAA7D1 /* Release.xcconfig */;
			buildSettings = {
				ALWAYS_SEARCH_USER_PATHS = NO;
				CLANG_ANALYZER_NONNULL = YES;
				CLANG_ANALYZER_NUMBER_OBJECT_CONVERSION = YES_AGGRESSIVE;
				CLANG_CXX_LANGUAGE_STANDARD = "gnu++20";
				CLANG_ENABLE_MODULES = YES;
				CLANG_ENABLE_OBJC_ARC = YES;
				CLANG_ENABLE_OBJC_WEAK = YES;
				CLANG_WARN_BLOCK_CAPTURE_AUTORELEASING = YES;
				CLANG_WARN_BOOL_CONVERSION = YES;
				CLANG_WARN_COMMA = YES;
				CLANG_WARN_CONSTANT_CONVERSION = YES;
				CLANG_WARN_DEPRECATED_OBJC_IMPLEMENTATIONS = YES;
				CLANG_WARN_DIRECT_OBJC_ISA_USAGE = YES_ERROR;
				CLANG_WARN_DOCUMENTATION_COMMENTS = YES;
				CLANG_WARN_EMPTY_BODY = YES;
				CLANG_WARN_ENUM_CONVERSION = YES;
				CLANG_WARN_INFINITE_RECURSION = YES;
				CLANG_WARN_INT_CONVERSION = YES;
				CLANG_WARN_NON_LITERAL_NULL_CONVERSION = YES;
				CLANG_WARN_OBJC_IMPLICIT_RETAIN_SELF = YES;
				CLANG_WARN_OBJC_LITERAL_CONVERSION = YES;
				CLANG_WARN_OBJC_ROOT_CLASS = YES_ERROR;
				CLANG_WARN_QUOTED_INCLUDE_IN_FRAMEWORK_HEADER = YES;
				CLANG_WARN_RANGE_LOOP_ANALYSIS = YES;
				CLANG_WARN_STRICT_PROTOTYPES = YES;
				CLANG_WARN_SUSPICIOUS_MOVE = YES;
				CLANG_WARN_UNGUARDED_AVAILABILITY = YES_AGGRESSIVE;
				CLANG_WARN_UNREACHABLE_CODE = YES;
				CLANG_WARN__DUPLICATE_METHOD_MATCH = YES;
				COPY_PHASE_STRIP = NO;
				DEBUG_INFORMATION_FORMAT = "dwarf-with-dsym";
				ENABLE_NS_ASSERTIONS = NO;
				ENABLE_STRICT_OBJC_MSGSEND = YES;
				GCC_C_LANGUAGE_STANDARD = gnu11;
				GCC_NO_COMMON_BLOCKS = YES;
				GCC_WARN_64_TO_32_BIT_CONVERSION = YES;
				GCC_WARN_ABOUT_RETURN_TYPE = YES_ERROR;
				GCC_WARN_UNDECLARED_SELECTOR = YES;
				GCC_WARN_UNINITIALIZED_AUTOS = YES_AGGRESSIVE;
				GCC_WARN_UNUSED_FUNCTION = YES;
				GCC_WARN_UNUSED_VARIABLE = YES;
				IPHONEOS_DEPLOYMENT_TARGET = 16.4;
				MTL_ENABLE_DEBUG_INFO = NO;
				MTL_FAST_MATH = YES;
				SDKROOT = iphoneos;
				SWIFT_COMPILATION_MODE = wholemodule;
				SWIFT_OPTIMIZATION_LEVEL = "-O";
				VALIDATE_PRODUCT = YES;
			};
			name = Release;
		};
		5C7BDFC72B062F5A00419387 /* Debug */ = {
			isa = XCBuildConfiguration;
			baseConfigurationReference = 5C099C002B06A88500FAA7D1 /* Release.xcconfig */;
			buildSettings = {
				ASSETCATALOG_COMPILER_APPICON_NAME = AppIcon;
				ASSETCATALOG_COMPILER_GLOBAL_ACCENT_COLOR_NAME = AccentColor;
				CODE_SIGN_STYLE = Automatic;
				CURRENT_PROJECT_VERSION = 1;
				DEVELOPMENT_TEAM = D4Z6LZAZ7P;
				GENERATE_INFOPLIST_FILE = YES;
				INFOPLIST_FILE = CDL/Info.plist;
				INFOPLIST_KEY_UIApplicationSupportsIndirectInputEvents = YES;
				INFOPLIST_KEY_UILaunchStoryboardName = LaunchScreen;
				INFOPLIST_KEY_UISupportedInterfaceOrientations = "UIInterfaceOrientationLandscapeRight UIInterfaceOrientationPortrait";
				INFOPLIST_KEY_UISupportedInterfaceOrientations_iPad = "UIInterfaceOrientationLandscapeLeft UIInterfaceOrientationLandscapeRight UIInterfaceOrientationPortrait UIInterfaceOrientationPortraitUpsideDown";
				IPHONEOS_DEPLOYMENT_TARGET = 14.0;
				LD_RUNPATH_SEARCH_PATHS = (
					"$(inherited)",
					"@executable_path/Frameworks",
				);
				MARKETING_VERSION = 1.0;
				PRODUCT_BUNDLE_IDENTIFIER = baxiiosdspreadpos.CDL;
				PRODUCT_NAME = "$(TARGET_NAME)";
				SWIFT_EMIT_LOC_STRINGS = YES;
				SWIFT_VERSION = 5.0;
				TARGETED_DEVICE_FAMILY = "1,2";
			};
			name = Debug;
		};
		5C7BDFC82B062F5A00419387 /* Release */ = {
			isa = XCBuildConfiguration;
			baseConfigurationReference = 5C099C002B06A88500FAA7D1 /* Release.xcconfig */;
			buildSettings = {
				ASSETCATALOG_COMPILER_APPICON_NAME = AppIcon;
				ASSETCATALOG_COMPILER_GLOBAL_ACCENT_COLOR_NAME = AccentColor;
				CODE_SIGN_STYLE = Automatic;
				CURRENT_PROJECT_VERSION = 1;
				DEVELOPMENT_TEAM = D4Z6LZAZ7P;
				GENERATE_INFOPLIST_FILE = YES;
				INFOPLIST_FILE = CDL/Info.plist;
				INFOPLIST_KEY_UIApplicationSupportsIndirectInputEvents = YES;
				INFOPLIST_KEY_UILaunchStoryboardName = LaunchScreen;
				INFOPLIST_KEY_UISupportedInterfaceOrientations = "UIInterfaceOrientationLandscapeRight UIInterfaceOrientationPortrait";
				INFOPLIST_KEY_UISupportedInterfaceOrientations_iPad = "UIInterfaceOrientationLandscapeLeft UIInterfaceOrientationLandscapeRight UIInterfaceOrientationPortrait UIInterfaceOrientationPortraitUpsideDown";
				IPHONEOS_DEPLOYMENT_TARGET = 14.0;
				LD_RUNPATH_SEARCH_PATHS = (
					"$(inherited)",
					"@executable_path/Frameworks",
				);
				MARKETING_VERSION = 1.0;
				PRODUCT_BUNDLE_IDENTIFIER = baxiiosdspreadpos.CDL;
				PRODUCT_NAME = "$(TARGET_NAME)";
				SWIFT_EMIT_LOC_STRINGS = YES;
				SWIFT_VERSION = 5.0;
				TARGETED_DEVICE_FAMILY = "1,2";
			};
			name = Release;
		};
/* End XCBuildConfiguration section */

/* Begin XCConfigurationList section */
		5C7BDFAD2B062F5900419387 /* Build configuration list for PBXProject "CDL" */ = {
			isa = XCConfigurationList;
			buildConfigurations = (
				5C7BDFC42B062F5A00419387 /* Debug */,
				5C7BDFC52B062F5A00419387 /* Release */,
			);
			defaultConfigurationIsVisible = 0;
			defaultConfigurationName = Release;
		};
		5C7BDFC62B062F5A00419387 /* Build configuration list for PBXNativeTarget "CDL" */ = {
			isa = XCConfigurationList;
			buildConfigurations = (
				5C7BDFC72B062F5A00419387 /* Debug */,
				5C7BDFC82B062F5A00419387 /* Release */,
			);
			defaultConfigurationIsVisible = 0;
			defaultConfigurationName = Release;
		};
/* End XCConfigurationList section */

/* Begin XCRemoteSwiftPackageReference section */
		5C4FD1DE2B06A5A9000C39E7 /* XCRemoteSwiftPackageReference "firebase-ios-sdk" */ = {
			isa = XCRemoteSwiftPackageReference;
			repositoryURL = "https://github.com/firebase/firebase-ios-sdk";
			requirement = {
				kind = upToNextMajorVersion;
				minimumVersion = 10.0.0;
			};
		};
		5CB1877B2B07C80A00265F79 /* XCRemoteSwiftPackageReference "realm-swift" */ = {
			isa = XCRemoteSwiftPackageReference;
			repositoryURL = "https://github.com/realm/realm-swift.git";
			requirement = {
				branch = master;
				kind = branch;
			};
		};
		5CFFAEBA2B0A87B700B1A494 /* XCRemoteSwiftPackageReference "lottie-spm" */ = {
			isa = XCRemoteSwiftPackageReference;
			repositoryURL = "https://github.com/airbnb/lottie-spm.git";
			requirement = {
				kind = upToNextMajorVersion;
				minimumVersion = 4.0.0;
			};
		};
		5CFFAEBD2B0A885400B1A494 /* XCRemoteSwiftPackageReference "IQKeyboardManager" */ = {
			isa = XCRemoteSwiftPackageReference;
			repositoryURL = "https://github.com/hackiftekhar/IQKeyboardManager.git";
			requirement = {
				kind = upToNextMajorVersion;
				minimumVersion = 6.0.0;
			};
		};
		5CFFAEC02B0A88E900B1A494 /* XCRemoteSwiftPackageReference "KeychainAccess" */ = {
			isa = XCRemoteSwiftPackageReference;
			repositoryURL = "https://github.com/kishikawakatsumi/KeychainAccess.git";
			requirement = {
				branch = master;
				kind = branch;
			};
		};
/* End XCRemoteSwiftPackageReference section */

/* Begin XCSwiftPackageProductDependency section */
		5C4FD1DF2B06A5A9000C39E7 /* FirebaseAppCheck */ = {
			isa = XCSwiftPackageProductDependency;
			package = 5C4FD1DE2B06A5A9000C39E7 /* XCRemoteSwiftPackageReference "firebase-ios-sdk" */;
			productName = FirebaseAppCheck;
		};
		5C4FD1E12B06A5A9000C39E7 /* FirebaseAppDistribution-Beta */ = {
			isa = XCSwiftPackageProductDependency;
			package = 5C4FD1DE2B06A5A9000C39E7 /* XCRemoteSwiftPackageReference "firebase-ios-sdk" */;
			productName = "FirebaseAppDistribution-Beta";
		};
		5C4FD1E32B06A5A9000C39E7 /* FirebaseAuth */ = {
			isa = XCSwiftPackageProductDependency;
			package = 5C4FD1DE2B06A5A9000C39E7 /* XCRemoteSwiftPackageReference "firebase-ios-sdk" */;
			productName = FirebaseAuth;
		};
		5C4FD1E52B06A5A9000C39E7 /* FirebaseAuthCombine-Community */ = {
			isa = XCSwiftPackageProductDependency;
			package = 5C4FD1DE2B06A5A9000C39E7 /* XCRemoteSwiftPackageReference "firebase-ios-sdk" */;
			productName = "FirebaseAuthCombine-Community";
		};
		5C4FD1E92B06A5A9000C39E7 /* FirebaseDatabase */ = {
			isa = XCSwiftPackageProductDependency;
			package = 5C4FD1DE2B06A5A9000C39E7 /* XCRemoteSwiftPackageReference "firebase-ios-sdk" */;
			productName = FirebaseDatabase;
		};
		5C4FD1EB2B06A5A9000C39E7 /* FirebaseDatabaseSwift */ = {
			isa = XCSwiftPackageProductDependency;
			package = 5C4FD1DE2B06A5A9000C39E7 /* XCRemoteSwiftPackageReference "firebase-ios-sdk" */;
			productName = FirebaseDatabaseSwift;
		};
		5C4FD1ED2B06A5A9000C39E7 /* FirebaseDynamicLinks */ = {
			isa = XCSwiftPackageProductDependency;
			package = 5C4FD1DE2B06A5A9000C39E7 /* XCRemoteSwiftPackageReference "firebase-ios-sdk" */;
			productName = FirebaseDynamicLinks;
		};
		5C4FD1EF2B06A5A9000C39E7 /* FirebaseFirestore */ = {
			isa = XCSwiftPackageProductDependency;
			package = 5C4FD1DE2B06A5A9000C39E7 /* XCRemoteSwiftPackageReference "firebase-ios-sdk" */;
			productName = FirebaseFirestore;
		};
		5C4FD1F12B06A5A9000C39E7 /* FirebaseFirestoreCombine-Community */ = {
			isa = XCSwiftPackageProductDependency;
			package = 5C4FD1DE2B06A5A9000C39E7 /* XCRemoteSwiftPackageReference "firebase-ios-sdk" */;
			productName = "FirebaseFirestoreCombine-Community";
		};
		5C4FD1F32B06A5A9000C39E7 /* FirebaseFirestoreSwift */ = {
			isa = XCSwiftPackageProductDependency;
			package = 5C4FD1DE2B06A5A9000C39E7 /* XCRemoteSwiftPackageReference "firebase-ios-sdk" */;
			productName = FirebaseFirestoreSwift;
		};
		5C4FD1F52B06A5A9000C39E7 /* FirebaseFunctions */ = {
			isa = XCSwiftPackageProductDependency;
			package = 5C4FD1DE2B06A5A9000C39E7 /* XCRemoteSwiftPackageReference "firebase-ios-sdk" */;
			productName = FirebaseFunctions;
		};
		5C4FD1F72B06A5A9000C39E7 /* FirebaseFunctionsCombine-Community */ = {
			isa = XCSwiftPackageProductDependency;
			package = 5C4FD1DE2B06A5A9000C39E7 /* XCRemoteSwiftPackageReference "firebase-ios-sdk" */;
			productName = "FirebaseFunctionsCombine-Community";
		};
		5C4FD1F92B06A5AA000C39E7 /* FirebaseInstallations */ = {
			isa = XCSwiftPackageProductDependency;
			package = 5C4FD1DE2B06A5A9000C39E7 /* XCRemoteSwiftPackageReference "firebase-ios-sdk" */;
			productName = FirebaseInstallations;
		};
		5C4FD1FB2B06A5AA000C39E7 /* FirebaseMLModelDownloader */ = {
			isa = XCSwiftPackageProductDependency;
			package = 5C4FD1DE2B06A5A9000C39E7 /* XCRemoteSwiftPackageReference "firebase-ios-sdk" */;
			productName = FirebaseMLModelDownloader;
		};
		5C4FD1FF2B06A5AA000C39E7 /* FirebasePerformance */ = {
			isa = XCSwiftPackageProductDependency;
			package = 5C4FD1DE2B06A5A9000C39E7 /* XCRemoteSwiftPackageReference "firebase-ios-sdk" */;
			productName = FirebasePerformance;
		};
		5C4FD2012B06A5AA000C39E7 /* FirebaseStorage */ = {
			isa = XCSwiftPackageProductDependency;
			package = 5C4FD1DE2B06A5A9000C39E7 /* XCRemoteSwiftPackageReference "firebase-ios-sdk" */;
			productName = FirebaseStorage;
		};
		5C4FD2032B06A5AA000C39E7 /* FirebaseStorageCombine-Community */ = {
			isa = XCSwiftPackageProductDependency;
			package = 5C4FD1DE2B06A5A9000C39E7 /* XCRemoteSwiftPackageReference "firebase-ios-sdk" */;
			productName = "FirebaseStorageCombine-Community";
		};
		5CB1877E2B07C80B00265F79 /* RealmSwift */ = {
			isa = XCSwiftPackageProductDependency;
			package = 5CB1877B2B07C80A00265F79 /* XCRemoteSwiftPackageReference "realm-swift" */;
			productName = RealmSwift;
		};
		5CB187802B07C90200265F79 /* Realm */ = {
			isa = XCSwiftPackageProductDependency;
			package = 5CB1877B2B07C80A00265F79 /* XCRemoteSwiftPackageReference "realm-swift" */;
			productName = Realm;
		};
		5CFFAEBB2B0A87B700B1A494 /* Lottie */ = {
			isa = XCSwiftPackageProductDependency;
			package = 5CFFAEBA2B0A87B700B1A494 /* XCRemoteSwiftPackageReference "lottie-spm" */;
			productName = Lottie;
		};
		5CFFAEBE2B0A885400B1A494 /* IQKeyboardManagerSwift */ = {
			isa = XCSwiftPackageProductDependency;
			package = 5CFFAEBD2B0A885400B1A494 /* XCRemoteSwiftPackageReference "IQKeyboardManager" */;
			productName = IQKeyboardManagerSwift;
		};
		5CFFAEC12B0A88E900B1A494 /* KeychainAccess */ = {
			isa = XCSwiftPackageProductDependency;
			package = 5CFFAEC02B0A88E900B1A494 /* XCRemoteSwiftPackageReference "KeychainAccess" */;
			productName = KeychainAccess;
		};
/* End XCSwiftPackageProductDependency section */
	};
	rootObject = 5C7BDFAA2B062F5900419387 /* Project object */;
}
